// !$*UTF8*$!
{
	archiveVersion = 1;
	classes = {
	};
	objectVersion = 50;
	objects = {

/* Begin PBXBuildFile section */
		1F18FFC0257EC48A00BBA6D2 /* OpenGL.framework in Frameworks */ = {isa = PBXBuildFile; fileRef = 1F18FFBF257EC48A00BBA6D2 /* OpenGL.framework */; };
		1F18FFC3257EC81000BBA6D2 /* GLUT.framework in Frameworks */ = {isa = PBXBuildFile; fileRef = 1F18FFC2257EC81000BBA6D2 /* GLUT.framework */; };
		1F18FFD4257ECAEE00BBA6D2 /* Cell.cpp in Sources */ = {isa = PBXBuildFile; fileRef = 1F18FFD0257ECAEE00BBA6D2 /* Cell.cpp */; };
		1F18FFD5257ECAEE00BBA6D2 /* ComplexNumber.cpp in Sources */ = {isa = PBXBuildFile; fileRef = 1F18FFD1257ECAEE00BBA6D2 /* ComplexNumber.cpp */; };
		1F18FFD6257ECAEE00BBA6D2 /* buddhabrot.cpp in Sources */ = {isa = PBXBuildFile; fileRef = 1F18FFD3257ECAEE00BBA6D2 /* buddhabrot.cpp */; };
		1F96F710259983DF008320A5 /* OpenCL.framework in Frameworks */ = {isa = PBXBuildFile; fileRef = 1F96F70F259983DF008320A5 /* OpenCL.framework */; };
		1F96F728259AD842008320A5 /* KernelHelper.cpp in Sources */ = {isa = PBXBuildFile; fileRef = 1F96F720259ACCAB008320A5 /* KernelHelper.cpp */; };
		1FFE6ADB259E707000776771 /* CSVReader.cpp in Sources */ = {isa = PBXBuildFile; fileRef = 1FFE6ADA259E707000776771 /* CSVReader.cpp */; };
		1FFE6AE0259E709000776771 /* PNGReader.cpp in Sources */ = {isa = PBXBuildFile; fileRef = 1FFE6ADF259E709000776771 /* PNGReader.cpp */; };
/* End PBXBuildFile section */

/* Begin PBXCopyFilesBuildPhase section */
		1F18FFB1257EC47C00BBA6D2 /* CopyFiles */ = {
			isa = PBXCopyFilesBuildPhase;
			buildActionMask = 2147483647;
			dstPath = /usr/share/man/man1/;
			dstSubfolderSpec = 0;
			files = (
			);
			runOnlyForDeploymentPostprocessing = 1;
		};
/* End PBXCopyFilesBuildPhase section */

/* Begin PBXFileReference section */
		1F18FFB3257EC47C00BBA6D2 /* buddhabrot */ = {isa = PBXFileReference; explicitFileType = "compiled.mach-o.executable"; includeInIndex = 0; path = buddhabrot; sourceTree = BUILT_PRODUCTS_DIR; };
		1F18FFBF257EC48A00BBA6D2 /* OpenGL.framework */ = {isa = PBXFileReference; lastKnownFileType = wrapper.framework; name = OpenGL.framework; path = System/Library/Frameworks/OpenGL.framework; sourceTree = SDKROOT; };
		1F18FFC2257EC81000BBA6D2 /* GLUT.framework */ = {isa = PBXFileReference; lastKnownFileType = wrapper.framework; name = GLUT.framework; path = System/Library/Frameworks/GLUT.framework; sourceTree = SDKROOT; };
		1F18FFC8257EC99C00BBA6D2 /* CMakeLists.txt */ = {isa = PBXFileReference; fileEncoding = 4; lastKnownFileType = text; path = CMakeLists.txt; sourceTree = "<group>"; };
		1F18FFC9257EC99C00BBA6D2 /* README.md */ = {isa = PBXFileReference; fileEncoding = 4; lastKnownFileType = net.daringfireball.markdown; path = README.md; sourceTree = "<group>"; };
		1F18FFCF257ECAEE00BBA6D2 /* Cell.hpp */ = {isa = PBXFileReference; fileEncoding = 4; lastKnownFileType = sourcecode.cpp.h; path = Cell.hpp; sourceTree = "<group>"; };
		1F18FFD0257ECAEE00BBA6D2 /* Cell.cpp */ = {isa = PBXFileReference; fileEncoding = 4; lastKnownFileType = sourcecode.cpp.cpp; path = Cell.cpp; sourceTree = "<group>"; };
		1F18FFD1257ECAEE00BBA6D2 /* ComplexNumber.cpp */ = {isa = PBXFileReference; fileEncoding = 4; lastKnownFileType = sourcecode.cpp.cpp; path = ComplexNumber.cpp; sourceTree = "<group>"; };
		1F18FFD2257ECAEE00BBA6D2 /* ComplexNumber.hpp */ = {isa = PBXFileReference; fileEncoding = 4; lastKnownFileType = sourcecode.cpp.h; path = ComplexNumber.hpp; sourceTree = "<group>"; };
		1F18FFD3257ECAEE00BBA6D2 /* buddhabrot.cpp */ = {isa = PBXFileReference; fileEncoding = 4; lastKnownFileType = sourcecode.cpp.cpp; path = buddhabrot.cpp; sourceTree = "<group>"; };
		1F215217259120AE00CA846E /* X11 */ = {isa = PBXFileReference; lastKnownFileType = text; name = X11; path = ../../../../usr/X11; sourceTree = "<group>"; };
		1F21521E2591323F00CA846E /* buddhabrot.entitlements */ = {isa = PBXFileReference; lastKnownFileType = text.plist.entitlements; path = buddhabrot.entitlements; sourceTree = "<group>"; };
		1F5A8ABC2591039900A6F80E /* LICENSE.txt */ = {isa = PBXFileReference; lastKnownFileType = text; path = LICENSE.txt; sourceTree = "<group>"; };
		1F5A8AC025910E2300A6F80E /* libpng16.a */ = {isa = PBXFileReference; lastKnownFileType = archive.ar; name = libpng16.a; path = ../../../../usr/local/Cellar/libpng/1.6.37/lib/libpng16.a; sourceTree = "<group>"; };
		1F5A8ACB2591161E00A6F80E /* libz.tbd */ = {isa = PBXFileReference; lastKnownFileType = "sourcecode.text-based-dylib-definition"; name = libz.tbd; path = usr/lib/libz.tbd; sourceTree = SDKROOT; };
		1F96F70F259983DF008320A5 /* OpenCL.framework */ = {isa = PBXFileReference; lastKnownFileType = wrapper.framework; name = OpenCL.framework; path = System/Library/Frameworks/OpenCL.framework; sourceTree = SDKROOT; };
		1F96F71225999220008320A5 /* EscapeKernel.cl */ = {isa = PBXFileReference; lastKnownFileType = sourcecode.opencl; path = EscapeKernel.cl; sourceTree = "<group>"; };
		1F96F720259ACCAB008320A5 /* KernelHelper.cpp */ = {isa = PBXFileReference; lastKnownFileType = sourcecode.cpp.cpp; path = KernelHelper.cpp; sourceTree = "<group>"; };
		1F96F726259AD527008320A5 /* KernelHelper.hpp */ = {isa = PBXFileReference; lastKnownFileType = sourcecode.cpp.h; path = KernelHelper.hpp; sourceTree = "<group>"; };
		1FFE6AD9259E707000776771 /* CSVReader.hpp */ = {isa = PBXFileReference; lastKnownFileType = sourcecode.cpp.h; path = CSVReader.hpp; sourceTree = "<group>"; };
		1FFE6ADA259E707000776771 /* CSVReader.cpp */ = {isa = PBXFileReference; lastKnownFileType = sourcecode.cpp.cpp; path = CSVReader.cpp; sourceTree = "<group>"; };
		1FFE6ADE259E709000776771 /* PNGReader.hpp */ = {isa = PBXFileReference; lastKnownFileType = sourcecode.cpp.h; path = PNGReader.hpp; sourceTree = "<group>"; };
		1FFE6ADF259E709000776771 /* PNGReader.cpp */ = {isa = PBXFileReference; lastKnownFileType = sourcecode.cpp.cpp; path = PNGReader.cpp; sourceTree = "<group>"; };
/* End PBXFileReference section */

/* Begin PBXFrameworksBuildPhase section */
		1F18FFB0257EC47C00BBA6D2 /* Frameworks */ = {
			isa = PBXFrameworksBuildPhase;
			buildActionMask = 2147483647;
			files = (
				1F18FFC0257EC48A00BBA6D2 /* OpenGL.framework in Frameworks */,
				1F18FFC3257EC81000BBA6D2 /* GLUT.framework in Frameworks */,
				1F96F710259983DF008320A5 /* OpenCL.framework in Frameworks */,
			);
			runOnlyForDeploymentPostprocessing = 0;
		};
/* End PBXFrameworksBuildPhase section */

/* Begin PBXGroup section */
		1F18FFAA257EC47C00BBA6D2 = {
			isa = PBXGroup;
			children = (
				1F21521E2591323F00CA846E /* buddhabrot.entitlements */,
				1F18FFCE257ECABF00BBA6D2 /* src */,
				1F18FFC9257EC99C00BBA6D2 /* README.md */,
				1F18FFC8257EC99C00BBA6D2 /* CMakeLists.txt */,
				1F5A8ABC2591039900A6F80E /* LICENSE.txt */,
				1F18FFBE257EC48A00BBA6D2 /* Frameworks */,
				1F18FFB4257EC47C00BBA6D2 /* Products */,
			);
			sourceTree = "<group>";
		};
		1F18FFB4257EC47C00BBA6D2 /* Products */ = {
			isa = PBXGroup;
			children = (
				1F18FFB3257EC47C00BBA6D2 /* buddhabrot */,
			);
			name = Products;
			sourceTree = "<group>";
		};
		1F18FFBE257EC48A00BBA6D2 /* Frameworks */ = {
			isa = PBXGroup;
			children = (
				1F96F70F259983DF008320A5 /* OpenCL.framework */,
				1F215217259120AE00CA846E /* X11 */,
				1F5A8ACB2591161E00A6F80E /* libz.tbd */,
				1F5A8AC025910E2300A6F80E /* libpng16.a */,
				1F18FFC2257EC81000BBA6D2 /* GLUT.framework */,
				1F18FFBF257EC48A00BBA6D2 /* OpenGL.framework */,
			);
			name = Frameworks;
			sourceTree = "<group>";
		};
		1F18FFCE257ECABF00BBA6D2 /* src */ = {
			isa = PBXGroup;
			children = (
				1FFE6AD3259E6FDE00776771 /* io */,
				1F18FFD3257ECAEE00BBA6D2 /* buddhabrot.cpp */,
				1F18FFD0257ECAEE00BBA6D2 /* Cell.cpp */,
				1F18FFCF257ECAEE00BBA6D2 /* Cell.hpp */,
				1F18FFD1257ECAEE00BBA6D2 /* ComplexNumber.cpp */,
				1F18FFD2257ECAEE00BBA6D2 /* ComplexNumber.hpp */,
				1F96F71225999220008320A5 /* EscapeKernel.cl */,
				1F96F720259ACCAB008320A5 /* KernelHelper.cpp */,
				1F96F726259AD527008320A5 /* KernelHelper.hpp */,
			);
			path = src;
			sourceTree = "<group>";
		};
		1FFE6AD3259E6FDE00776771 /* io */ = {
			isa = PBXGroup;
			children = (
				1FFE6AD9259E707000776771 /* CSVReader.hpp */,
				1FFE6ADA259E707000776771 /* CSVReader.cpp */,
				1FFE6ADE259E709000776771 /* PNGReader.hpp */,
				1FFE6ADF259E709000776771 /* PNGReader.cpp */,
			);
			path = io;
			sourceTree = "<group>";
		};
/* End PBXGroup section */

/* Begin PBXNativeTarget section */
		1F18FFB2257EC47C00BBA6D2 /* buddhabrot */ = {
			isa = PBXNativeTarget;
			buildConfigurationList = 1F18FFBA257EC47C00BBA6D2 /* Build configuration list for PBXNativeTarget "buddhabrot" */;
			buildPhases = (
				1F18FFAF257EC47C00BBA6D2 /* Sources */,
				1F18FFB0257EC47C00BBA6D2 /* Frameworks */,
				1F18FFB1257EC47C00BBA6D2 /* CopyFiles */,
			);
			buildRules = (
			);
			dependencies = (
			);
			name = buddhabrot;
			productName = buddhabrot;
			productReference = 1F18FFB3257EC47C00BBA6D2 /* buddhabrot */;
			productType = "com.apple.product-type.tool";
		};
/* End PBXNativeTarget section */

/* Begin PBXProject section */
		1F18FFAB257EC47C00BBA6D2 /* Project object */ = {
			isa = PBXProject;
			attributes = {
				LastUpgradeCheck = 1230;
				TargetAttributes = {
					1F18FFB2257EC47C00BBA6D2 = {
						CreatedOnToolsVersion = 12.2;
					};
				};
			};
			buildConfigurationList = 1F18FFAE257EC47C00BBA6D2 /* Build configuration list for PBXProject "buddhabrot" */;
			compatibilityVersion = "Xcode 9.3";
			developmentRegion = en;
			hasScannedForEncodings = 0;
			knownRegions = (
				en,
				Base,
			);
			mainGroup = 1F18FFAA257EC47C00BBA6D2;
			productRefGroup = 1F18FFB4257EC47C00BBA6D2 /* Products */;
			projectDirPath = "";
			projectRoot = "";
			targets = (
				1F18FFB2257EC47C00BBA6D2 /* buddhabrot */,
			);
		};
/* End PBXProject section */

/* Begin PBXSourcesBuildPhase section */
		1F18FFAF257EC47C00BBA6D2 /* Sources */ = {
			isa = PBXSourcesBuildPhase;
			buildActionMask = 2147483647;
			files = (
				1FFE6AE0259E709000776771 /* PNGReader.cpp in Sources */,
				1F96F728259AD842008320A5 /* KernelHelper.cpp in Sources */,
				1F18FFD6257ECAEE00BBA6D2 /* buddhabrot.cpp in Sources */,
				1FFE6ADB259E707000776771 /* CSVReader.cpp in Sources */,
				1F18FFD4257ECAEE00BBA6D2 /* Cell.cpp in Sources */,
				1F18FFD5257ECAEE00BBA6D2 /* ComplexNumber.cpp in Sources */,
			);
			runOnlyForDeploymentPostprocessing = 0;
		};
/* End PBXSourcesBuildPhase section */

/* Begin XCBuildConfiguration section */
		1F18FFB8257EC47C00BBA6D2 /* Debug */ = {
			isa = XCBuildConfiguration;
			buildSettings = {
				ALWAYS_SEARCH_USER_PATHS = NO;
				CLANG_ANALYZER_NONNULL = YES;
				CLANG_ANALYZER_NUMBER_OBJECT_CONVERSION = YES_AGGRESSIVE;
				CLANG_CXX_LANGUAGE_STANDARD = "c++0x";
				CLANG_CXX_LIBRARY = "libc++";
				CLANG_ENABLE_MODULES = YES;
				CLANG_ENABLE_OBJC_ARC = YES;
				CLANG_ENABLE_OBJC_WEAK = YES;
				CLANG_WARN_BLOCK_CAPTURE_AUTORELEASING = YES;
				CLANG_WARN_BOOL_CONVERSION = YES;
				CLANG_WARN_COMMA = YES;
				CLANG_WARN_CONSTANT_CONVERSION = YES;
				CLANG_WARN_DEPRECATED_OBJC_IMPLEMENTATIONS = YES;
				CLANG_WARN_DIRECT_OBJC_ISA_USAGE = YES_ERROR;
				CLANG_WARN_DOCUMENTATION_COMMENTS = YES;
				CLANG_WARN_EMPTY_BODY = YES;
				CLANG_WARN_ENUM_CONVERSION = YES;
				CLANG_WARN_INFINITE_RECURSION = YES;
				CLANG_WARN_INT_CONVERSION = YES;
				CLANG_WARN_NON_LITERAL_NULL_CONVERSION = YES;
				CLANG_WARN_OBJC_IMPLICIT_RETAIN_SELF = YES;
				CLANG_WARN_OBJC_LITERAL_CONVERSION = YES;
				CLANG_WARN_OBJC_ROOT_CLASS = YES_ERROR;
				CLANG_WARN_QUOTED_INCLUDE_IN_FRAMEWORK_HEADER = YES;
				CLANG_WARN_RANGE_LOOP_ANALYSIS = YES;
				CLANG_WARN_STRICT_PROTOTYPES = YES;
				CLANG_WARN_SUSPICIOUS_MOVE = YES;
				CLANG_WARN_UNGUARDED_AVAILABILITY = YES_AGGRESSIVE;
				CLANG_WARN_UNREACHABLE_CODE = YES;
				CLANG_WARN__DUPLICATE_METHOD_MATCH = YES;
				COPY_PHASE_STRIP = NO;
				DEBUG_INFORMATION_FORMAT = dwarf;
				ENABLE_STRICT_OBJC_MSGSEND = YES;
				ENABLE_TESTABILITY = YES;
				GCC_C_LANGUAGE_STANDARD = c11;
				GCC_DYNAMIC_NO_PIC = NO;
				GCC_NO_COMMON_BLOCKS = YES;
				GCC_OPTIMIZATION_LEVEL = 0;
				GCC_PREPROCESSOR_DEFINITIONS = (
					"DEBUG=1",
					"$(inherited)",
				);
				GCC_WARN_64_TO_32_BIT_CONVERSION = YES;
				GCC_WARN_ABOUT_RETURN_TYPE = YES_ERROR;
				GCC_WARN_UNDECLARED_SELECTOR = YES;
				GCC_WARN_UNINITIALIZED_AUTOS = YES_AGGRESSIVE;
				GCC_WARN_UNUSED_FUNCTION = YES;
				GCC_WARN_UNUSED_VARIABLE = YES;
				HEADER_SEARCH_PATHS = /usr/local/include;
				LIBRARY_SEARCH_PATHS = /usr/local/lib;
				MACOSX_DEPLOYMENT_TARGET = 11.0;
				MTL_ENABLE_DEBUG_INFO = INCLUDE_SOURCE;
				MTL_FAST_MATH = YES;
				ONLY_ACTIVE_ARCH = YES;
				OTHER_LDFLAGS = "";
				SDKROOT = macosx;
			};
			name = Debug;
		};
		1F18FFB9257EC47C00BBA6D2 /* Release */ = {
			isa = XCBuildConfiguration;
			buildSettings = {
				ALWAYS_SEARCH_USER_PATHS = NO;
				CLANG_ANALYZER_NONNULL = YES;
				CLANG_ANALYZER_NUMBER_OBJECT_CONVERSION = YES_AGGRESSIVE;
				CLANG_CXX_LANGUAGE_STANDARD = "c++0x";
				CLANG_CXX_LIBRARY = "libc++";
				CLANG_ENABLE_MODULES = YES;
				CLANG_ENABLE_OBJC_ARC = YES;
				CLANG_ENABLE_OBJC_WEAK = YES;
				CLANG_WARN_BLOCK_CAPTURE_AUTORELEASING = YES;
				CLANG_WARN_BOOL_CONVERSION = YES;
				CLANG_WARN_COMMA = YES;
				CLANG_WARN_CONSTANT_CONVERSION = YES;
				CLANG_WARN_DEPRECATED_OBJC_IMPLEMENTATIONS = YES;
				CLANG_WARN_DIRECT_OBJC_ISA_USAGE = YES_ERROR;
				CLANG_WARN_DOCUMENTATION_COMMENTS = YES;
				CLANG_WARN_EMPTY_BODY = YES;
				CLANG_WARN_ENUM_CONVERSION = YES;
				CLANG_WARN_INFINITE_RECURSION = YES;
				CLANG_WARN_INT_CONVERSION = YES;
				CLANG_WARN_NON_LITERAL_NULL_CONVERSION = YES;
				CLANG_WARN_OBJC_IMPLICIT_RETAIN_SELF = YES;
				CLANG_WARN_OBJC_LITERAL_CONVERSION = YES;
				CLANG_WARN_OBJC_ROOT_CLASS = YES_ERROR;
				CLANG_WARN_QUOTED_INCLUDE_IN_FRAMEWORK_HEADER = YES;
				CLANG_WARN_RANGE_LOOP_ANALYSIS = YES;
				CLANG_WARN_STRICT_PROTOTYPES = YES;
				CLANG_WARN_SUSPICIOUS_MOVE = YES;
				CLANG_WARN_UNGUARDED_AVAILABILITY = YES_AGGRESSIVE;
				CLANG_WARN_UNREACHABLE_CODE = YES;
				CLANG_WARN__DUPLICATE_METHOD_MATCH = YES;
				COPY_PHASE_STRIP = NO;
				DEBUG_INFORMATION_FORMAT = "dwarf-with-dsym";
				ENABLE_NS_ASSERTIONS = NO;
				ENABLE_STRICT_OBJC_MSGSEND = YES;
				GCC_C_LANGUAGE_STANDARD = c11;
				GCC_NO_COMMON_BLOCKS = YES;
				GCC_WARN_64_TO_32_BIT_CONVERSION = YES;
				GCC_WARN_ABOUT_RETURN_TYPE = YES_ERROR;
				GCC_WARN_UNDECLARED_SELECTOR = YES;
				GCC_WARN_UNINITIALIZED_AUTOS = YES_AGGRESSIVE;
				GCC_WARN_UNUSED_FUNCTION = YES;
				GCC_WARN_UNUSED_VARIABLE = YES;
				HEADER_SEARCH_PATHS = /usr/local/include;
				LIBRARY_SEARCH_PATHS = /usr/local/lib;
				MACOSX_DEPLOYMENT_TARGET = 11.0;
				MTL_ENABLE_DEBUG_INFO = NO;
				MTL_FAST_MATH = YES;
				ONLY_ACTIVE_ARCH = NO;
				OTHER_LDFLAGS = "";
				SDKROOT = macosx;
			};
			name = Release;
		};
		1F18FFBB257EC47C00BBA6D2 /* Debug */ = {
			isa = XCBuildConfiguration;
			buildSettings = {
				CLANG_CXX_LANGUAGE_STANDARD = "c++0x";
				CODE_SIGN_ENTITLEMENTS = buddhabrot.entitlements;
				CODE_SIGN_IDENTITY = "Mac Developer";
				CODE_SIGN_STYLE = Automatic;
				DEVELOPMENT_TEAM = 94PVB73DU7;
				ENABLE_HARDENED_RUNTIME = YES;
				GCC_INPUT_FILETYPE = sourcecode.cpp.cpp;
				HEADER_SEARCH_PATHS = /usr/local/include;
				LIBRARY_SEARCH_PATHS = /usr/local/lib;
				OTHER_CPLUSPLUSFLAGS = (
					"$(OTHER_CFLAGS)",
					"-DDOUBLE_SUPPORT_AVAILABLE=false",
					"-DUSE_OPENGL=true",
				);
				OTHER_LDFLAGS = (
					"-lz",
					"-lpng16",
				);
				PRODUCT_NAME = "$(TARGET_NAME)";
			};
			name = Debug;
		};
		1F18FFBC257EC47C00BBA6D2 /* Release */ = {
			isa = XCBuildConfiguration;
			buildSettings = {
				CLANG_CXX_LANGUAGE_STANDARD = "c++0x";
				CODE_SIGN_ENTITLEMENTS = buddhabrot.entitlements;
				CODE_SIGN_IDENTITY = "Mac Developer";
				CODE_SIGN_STYLE = Automatic;
				DEVELOPMENT_TEAM = 94PVB73DU7;
				ENABLE_HARDENED_RUNTIME = YES;
				GCC_INPUT_FILETYPE = sourcecode.cpp.cpp;
				HEADER_SEARCH_PATHS = /usr/local/include;
				LIBRARY_SEARCH_PATHS = /usr/local/lib;
				OTHER_CPLUSPLUSFLAGS = (
					"$(OTHER_CFLAGS)",
					"-DDOUBLE_SUPPORT_AVAILABLE=false",
					"-DUSE_OPENGL=true",
				);
				OTHER_LDFLAGS = (
					"-lz",
					"-lpng16",
				);
				PRODUCT_NAME = "$(TARGET_NAME)";
			};
			name = Release;
		};
/* End XCBuildConfiguration section */

/* Begin XCConfigurationList section */
		1F18FFAE257EC47C00BBA6D2 /* Build configuration list for PBXProject "buddhabrot" */ = {
			isa = XCConfigurationList;
			buildConfigurations = (
				1F18FFB8257EC47C00BBA6D2 /* Debug */,
				1F18FFB9257EC47C00BBA6D2 /* Release */,
			);
			defaultConfigurationIsVisible = 0;
			defaultConfigurationName = Release;
		};
		1F18FFBA257EC47C00BBA6D2 /* Build configuration list for PBXNativeTarget "buddhabrot" */ = {
			isa = XCConfigurationList;
			buildConfigurations = (
				1F18FFBB257EC47C00BBA6D2 /* Debug */,
				1F18FFBC257EC47C00BBA6D2 /* Release */,
			);
			defaultConfigurationIsVisible = 0;
			defaultConfigurationName = Release;
		};
/* End XCConfigurationList section */
	};
	rootObject = 1F18FFAB257EC47C00BBA6D2 /* Project object */;
}
